
Microsoft Visual Studio Solution File, Format Version 12.00
# Visual Studio 15
VisualStudioVersion = 15.0.26730.15
MinimumVisualStudioVersion = 10.0.40219.1
Project("{9A19103F-16F7-4668-BE54-9A1E7A4F7556}") = "ShengwenLibrary", "ShengwenLibrary\ShengwenLibrary.csproj", "{D553A88E-22BF-444D-98D6-F766E1C6864D}"
EndProject
Project("{FAE04EC0-301F-11D3-BF4B-00C04F79EFBC}") = "ShengwenLibraryTests", "ShengwenLibraryTests\ShengwenLibraryTests.csproj", "{334003A8-08DB-4689-8405-133403E337AB}"
EndProject
Global
	GlobalSection(SolutionConfigurationPlatforms) = preSolution
		Debug|Any CPU = Debug|Any CPU
		Release|Any CPU = Release|Any CPU
	EndGlobalSection
	GlobalSection(ProjectConfigurationPlatforms) = postSolution
		{D553A88E-22BF-444D-98D6-F766E1C6864D}.Debug|Any CPU.ActiveCfg = Debug|Any CPU
		{D553A88E-22BF-444D-98D6-F766E1C6864D}.Debug|Any CPU.Build.0 = Debug|Any CPU
		{D553A88E-22BF-444D-98D6-F766E1C6864D}.Release|Any CPU.ActiveCfg = Release|Any CPU
		{D553A88E-22BF-444D-98D6-F766E1C6864D}.Release|Any CPU.Build.0 = Release|Any CPU
		{334003A8-08DB-4689-8405-133403E337AB}.Debug|Any CPU.ActiveCfg = Debug|Any CPU
		{334003A8-08DB-4689-8405-133403E337AB}.Debug|Any CPU.Build.0 = Debug|Any CPU
		{334003A8-08DB-4689-8405-133403E337AB}.Release|Any CPU.ActiveCfg = Release|Any CPU
		{334003A8-08DB-4689-8405-133403E337AB}.Release|Any CPU.Build.0 = Release|Any CPU
	EndGlobalSection
	GlobalSection(SolutionProperties) = preSolution
		HideSolutionNode = FALSE
	EndGlobalSection
	GlobalSection(ExtensibilityGlobals) = postSolution
		SolutionGuid = {ABD436C3-5CE3-4367-BBC9-17A418B02C6C}
	EndGlobalSection
EndGlobal
